
Microsoft Visual Studio Solution File, Format Version 12.00
# Visual Studio 15
VisualStudioVersion = 15.0.28307.539
MinimumVisualStudioVersion = 10.0.40219.1
Project("{FAE04EC0-301F-11D3-BF4B-00C04F79EFBC}") = "test_1", "test_1\test_1.csproj", "{F4256C00-DDA4-4745-8CD0-0C2265215474}"
EndProject
Global
	GlobalSection(SolutionConfigurationPlatforms) = preSolution
		Debug|Any CPU = Debug|Any CPU
		Release|Any CPU = Release|Any CPU
	EndGlobalSection
	GlobalSection(ProjectConfigurationPlatforms) = postSolution
		{F4256C00-DDA4-4745-8CD0-0C2265215474}.Debug|Any CPU.ActiveCfg = Debug|Any CPU
		{F4256C00-DDA4-4745-8CD0-0C2265215474}.Debug|Any CPU.Build.0 = Debug|Any CPU
		{F4256C00-DDA4-4745-8CD0-0C2265215474}.Release|Any CPU.ActiveCfg = Release|Any CPU
		{F4256C00-DDA4-4745-8CD0-0C2265215474}.Release|Any CPU.Build.0 = Release|Any CPU
	EndGlobalSection
	GlobalSection(SolutionProperties) = preSolution
		HideSolutionNode = FALSE
	EndGlobalSection
	GlobalSection(ExtensibilityGlobals) = postSolution
		SolutionGuid = {3155D3E4-CD1B-44E6-B14B-E47D67CE036C}
	EndGlobalSection
EndGlobal
